
Microsoft Visual Studio Solution File, Format Version 12.00
# Visual Studio Version 17
VisualStudioVersion = 17.0.32014.148
MinimumVisualStudioVersion = 10.0.40219.1
Project("{2150E333-8FDC-42A3-9474-1A3956D46DE8}") = "Solution Items", "Solution Items", "{5A382CC9-A7B0-4115-ABB7-9606FC4FCA74}"
	ProjectSection(SolutionItems) = preProject
		info.txt = info.txt
		script-northwind.sql = script-northwind.sql
	EndProjectSection
EndProject
Project("{9A19103F-16F7-4668-BE54-9A1E7A4F7556}") = "DBFirst.Console", "DBFirst.Console\DBFirst.Console.csproj", "{ED09D301-48D0-4653-B305-C04BC95CC2D8}"
EndProject
Project("{9A19103F-16F7-4668-BE54-9A1E7A4F7556}") = "CodeFirst.Console", "CodeFirst.Console\CodeFirst.Console.csproj", "{D1BCAE66-4CB0-408E-9B8A-74405BC4A9FC}"
EndProject
Project("{9A19103F-16F7-4668-BE54-9A1E7A4F7556}") = "SeedData.Console", "SeedData.Console\SeedData.Console.csproj", "{DA0861E2-D910-411B-AC22-88E369BCF271}"
EndProject
Project("{9A19103F-16F7-4668-BE54-9A1E7A4F7556}") = "FluentApi.Console", "FluentApi.Console\FluentApi.Console.csproj", "{CFAB793A-4027-420F-BD60-CEAD46AB66FC}"
EndProject
Project("{9A19103F-16F7-4668-BE54-9A1E7A4F7556}") = "DataAnotations.Console", "DataAnotations.Console\DataAnotations.Console.csproj", "{0891C3AE-D1FC-4E86-991C-0B93383FEB5F}"
EndProject
Project("{9A19103F-16F7-4668-BE54-9A1E7A4F7556}") = "Relacionamentos.Console", "Relacionamentoss.Console\Relacionamentos.Console.csproj", "{1E4A7302-CCEE-40A5-8A48-E83DC325807C}"
EndProject
Project("{9A19103F-16F7-4668-BE54-9A1E7A4F7556}") = "ChangeTracker.Console", "ChangeTracker.Console\ChangeTracker.Console.csproj", "{6B341066-4FEF-4B3C-AC48-CBDB5E8CE608}"
EndProject
Project("{9A19103F-16F7-4668-BE54-9A1E7A4F7556}") = "MostraSQL.Console", "MostraSQL.Console\MostraSQL.Console.csproj", "{B80C6327-322A-4384-A575-3C895EF9AF99}"
EndProject
Project("{9A19103F-16F7-4668-BE54-9A1E7A4F7556}") = "ConsultaDados.Console", "ConsultaDados.Console\ConsultaDados.Console.csproj", "{FA1A4528-8EC7-4413-A474-2937B744E9A3}"
EndProject
Project("{9A19103F-16F7-4668-BE54-9A1E7A4F7556}") = "Joins.Console", "Joins.Console\Joins.Console.csproj", "{F0C6F4D4-DD9F-4F73-BB08-18F47959719C}"
EndProject
Project("{9A19103F-16F7-4668-BE54-9A1E7A4F7556}") = "EntidadesRelacionadas.Console", "EntidadesRelacionadas.Console\EntidadesRelacionadas.Console.csproj", "{0C847B5D-CA36-492E-84F1-36DAF6EEEAB0}"
EndProject
Project("{9A19103F-16F7-4668-BE54-9A1E7A4F7556}") = "EntidadesDesconectadas.Console", "EntidadesDesconectadas.Console\EntidadesDesconectadas.Console.csproj", "{E50C9082-999C-44A4-BA76-1C3475041DB5}"
EndProject
Global
	GlobalSection(SolutionConfigurationPlatforms) = preSolution
		Debug|Any CPU = Debug|Any CPU
		Release|Any CPU = Release|Any CPU
	EndGlobalSection
	GlobalSection(ProjectConfigurationPlatforms) = postSolution
		{ED09D301-48D0-4653-B305-C04BC95CC2D8}.Debug|Any CPU.ActiveCfg = Debug|Any CPU
		{ED09D301-48D0-4653-B305-C04BC95CC2D8}.Debug|Any CPU.Build.0 = Debug|Any CPU
		{ED09D301-48D0-4653-B305-C04BC95CC2D8}.Release|Any CPU.ActiveCfg = Release|Any CPU
		{ED09D301-48D0-4653-B305-C04BC95CC2D8}.Release|Any CPU.Build.0 = Release|Any CPU
		{D1BCAE66-4CB0-408E-9B8A-74405BC4A9FC}.Debug|Any CPU.ActiveCfg = Debug|Any CPU
		{D1BCAE66-4CB0-408E-9B8A-74405BC4A9FC}.Debug|Any CPU.Build.0 = Debug|Any CPU
		{D1BCAE66-4CB0-408E-9B8A-74405BC4A9FC}.Release|Any CPU.ActiveCfg = Release|Any CPU
		{D1BCAE66-4CB0-408E-9B8A-74405BC4A9FC}.Release|Any CPU.Build.0 = Release|Any CPU
		{DA0861E2-D910-411B-AC22-88E369BCF271}.Debug|Any CPU.ActiveCfg = Debug|Any CPU
		{DA0861E2-D910-411B-AC22-88E369BCF271}.Debug|Any CPU.Build.0 = Debug|Any CPU
		{DA0861E2-D910-411B-AC22-88E369BCF271}.Release|Any CPU.ActiveCfg = Release|Any CPU
		{DA0861E2-D910-411B-AC22-88E369BCF271}.Release|Any CPU.Build.0 = Release|Any CPU
		{CFAB793A-4027-420F-BD60-CEAD46AB66FC}.Debug|Any CPU.ActiveCfg = Debug|Any CPU
		{CFAB793A-4027-420F-BD60-CEAD46AB66FC}.Debug|Any CPU.Build.0 = Debug|Any CPU
		{CFAB793A-4027-420F-BD60-CEAD46AB66FC}.Release|Any CPU.ActiveCfg = Release|Any CPU
		{CFAB793A-4027-420F-BD60-CEAD46AB66FC}.Release|Any CPU.Build.0 = Release|Any CPU
		{0891C3AE-D1FC-4E86-991C-0B93383FEB5F}.Debug|Any CPU.ActiveCfg = Debug|Any CPU
		{0891C3AE-D1FC-4E86-991C-0B93383FEB5F}.Debug|Any CPU.Build.0 = Debug|Any CPU
		{0891C3AE-D1FC-4E86-991C-0B93383FEB5F}.Release|Any CPU.ActiveCfg = Release|Any CPU
		{0891C3AE-D1FC-4E86-991C-0B93383FEB5F}.Release|Any CPU.Build.0 = Release|Any CPU
		{1E4A7302-CCEE-40A5-8A48-E83DC325807C}.Debug|Any CPU.ActiveCfg = Debug|Any CPU
		{1E4A7302-CCEE-40A5-8A48-E83DC325807C}.Debug|Any CPU.Build.0 = Debug|Any CPU
		{1E4A7302-CCEE-40A5-8A48-E83DC325807C}.Release|Any CPU.ActiveCfg = Release|Any CPU
		{1E4A7302-CCEE-40A5-8A48-E83DC325807C}.Release|Any CPU.Build.0 = Release|Any CPU
		{6B341066-4FEF-4B3C-AC48-CBDB5E8CE608}.Debug|Any CPU.ActiveCfg = Debug|Any CPU
		{6B341066-4FEF-4B3C-AC48-CBDB5E8CE608}.Debug|Any CPU.Build.0 = Debug|Any CPU
		{6B341066-4FEF-4B3C-AC48-CBDB5E8CE608}.Release|Any CPU.ActiveCfg = Release|Any CPU
		{6B341066-4FEF-4B3C-AC48-CBDB5E8CE608}.Release|Any CPU.Build.0 = Release|Any CPU
		{B80C6327-322A-4384-A575-3C895EF9AF99}.Debug|Any CPU.ActiveCfg = Debug|Any CPU
		{B80C6327-322A-4384-A575-3C895EF9AF99}.Debug|Any CPU.Build.0 = Debug|Any CPU
		{B80C6327-322A-4384-A575-3C895EF9AF99}.Release|Any CPU.ActiveCfg = Release|Any CPU
		{B80C6327-322A-4384-A575-3C895EF9AF99}.Release|Any CPU.Build.0 = Release|Any CPU
		{FA1A4528-8EC7-4413-A474-2937B744E9A3}.Debug|Any CPU.ActiveCfg = Debug|Any CPU
		{FA1A4528-8EC7-4413-A474-2937B744E9A3}.Debug|Any CPU.Build.0 = Debug|Any CPU
		{FA1A4528-8EC7-4413-A474-2937B744E9A3}.Release|Any CPU.ActiveCfg = Release|Any CPU
		{FA1A4528-8EC7-4413-A474-2937B744E9A3}.Release|Any CPU.Build.0 = Release|Any CPU
		{F0C6F4D4-DD9F-4F73-BB08-18F47959719C}.Debug|Any CPU.ActiveCfg = Debug|Any CPU
		{F0C6F4D4-DD9F-4F73-BB08-18F47959719C}.Debug|Any CPU.Build.0 = Debug|Any CPU
		{F0C6F4D4-DD9F-4F73-BB08-18F47959719C}.Release|Any CPU.ActiveCfg = Release|Any CPU
		{F0C6F4D4-DD9F-4F73-BB08-18F47959719C}.Release|Any CPU.Build.0 = Release|Any CPU
		{0C847B5D-CA36-492E-84F1-36DAF6EEEAB0}.Debug|Any CPU.ActiveCfg = Debug|Any CPU
		{0C847B5D-CA36-492E-84F1-36DAF6EEEAB0}.Debug|Any CPU.Build.0 = Debug|Any CPU
		{0C847B5D-CA36-492E-84F1-36DAF6EEEAB0}.Release|Any CPU.ActiveCfg = Release|Any CPU
		{0C847B5D-CA36-492E-84F1-36DAF6EEEAB0}.Release|Any CPU.Build.0 = Release|Any CPU
		{E50C9082-999C-44A4-BA76-1C3475041DB5}.Debug|Any CPU.ActiveCfg = Debug|Any CPU
		{E50C9082-999C-44A4-BA76-1C3475041DB5}.Debug|Any CPU.Build.0 = Debug|Any CPU
		{E50C9082-999C-44A4-BA76-1C3475041DB5}.Release|Any CPU.ActiveCfg = Release|Any CPU
		{E50C9082-999C-44A4-BA76-1C3475041DB5}.Release|Any CPU.Build.0 = Release|Any CPU
	EndGlobalSection
	GlobalSection(SolutionProperties) = preSolution
		HideSolutionNode = FALSE
	EndGlobalSection
	GlobalSection(ExtensibilityGlobals) = postSolution
		SolutionGuid = {AFB5FBE6-682E-40B9-9A10-139E23C3B5A1}
	EndGlobalSection
EndGlobal
